
Microsoft Visual Studio Solution File, Format Version 12.00
# Visual Studio Version 17
VisualStudioVersion = 17.10.35004.147
MinimumVisualStudioVersion = 10.0.40219.1
Project("{FAE04EC0-301F-11D3-BF4B-00C04F79EFBC}") = "pz1_penkina", "pz1_penkina\pz1_penkina.csproj", "{7A71B089-7EE3-4297-80B9-0184C41DE308}"
EndProject
Global
	GlobalSection(SolutionConfigurationPlatforms) = preSolution
		Debug|Any CPU = Debug|Any CPU
		Release|Any CPU = Release|Any CPU
	EndGlobalSection
	GlobalSection(ProjectConfigurationPlatforms) = postSolution
		{7A71B089-7EE3-4297-80B9-0184C41DE308}.Debug|Any CPU.ActiveCfg = Debug|Any CPU
		{7A71B089-7EE3-4297-80B9-0184C41DE308}.Debug|Any CPU.Build.0 = Debug|Any CPU
		{7A71B089-7EE3-4297-80B9-0184C41DE308}.Release|Any CPU.ActiveCfg = Release|Any CPU
		{7A71B089-7EE3-4297-80B9-0184C41DE308}.Release|Any CPU.Build.0 = Release|Any CPU
	EndGlobalSection
	GlobalSection(SolutionProperties) = preSolution
		HideSolutionNode = FALSE
	EndGlobalSection
	GlobalSection(ExtensibilityGlobals) = postSolution
		SolutionGuid = {76C5E4FF-8ED5-4F5B-96C9-E45645421D49}
	EndGlobalSection
EndGlobal
